
Microsoft Visual Studio Solution File, Format Version 12.00
# Visual Studio 15
Project("{FAE04EC0-301F-11D3-BF4B-00C04F79EFBC}") = "Assembly-CSharp", "Assembly-CSharp.csproj", "{BA947E3C-272D-E40F-5CD0-BEBCA6A24DB0}"
EndProject
Global
	GlobalSection(SolutionConfigurationPlatforms) = preSolution
		Debug|Any CPU = Debug|Any CPU
		Release|Any CPU = Release|Any CPU
	EndGlobalSection
	GlobalSection(ProjectConfigurationPlatforms) = postSolution
		{BA947E3C-272D-E40F-5CD0-BEBCA6A24DB0}.Debug|Any CPU.ActiveCfg = Debug|Any CPU
		{BA947E3C-272D-E40F-5CD0-BEBCA6A24DB0}.Debug|Any CPU.Build.0 = Debug|Any CPU
		{BA947E3C-272D-E40F-5CD0-BEBCA6A24DB0}.Release|Any CPU.ActiveCfg = Release|Any CPU
		{BA947E3C-272D-E40F-5CD0-BEBCA6A24DB0}.Release|Any CPU.Build.0 = Release|Any CPU
	EndGlobalSection
	GlobalSection(SolutionProperties) = preSolution
		HideSolutionNode = FALSE
	EndGlobalSection
EndGlobal
